
Microsoft Visual Studio Solution File, Format Version 12.00
# Visual Studio Version 16
VisualStudioVersion = 16.0.30225.117
MinimumVisualStudioVersion = 10.0.40219.1
Project("{FAE04EC0-301F-11D3-BF4B-00C04F79EFBC}") = "SignalRChat", "SignalRChat.csproj", "{0BFEB91C-0400-47DD-8721-C8A124C13035}"
EndProject
Global
	GlobalSection(SolutionConfigurationPlatforms) = preSolution
		Debug|Any CPU = Debug|Any CPU
		Release|Any CPU = Release|Any CPU
	EndGlobalSection
	GlobalSection(ProjectConfigurationPlatforms) = postSolution
		{0BFEB91C-0400-47DD-8721-C8A124C13035}.Debug|Any CPU.ActiveCfg = Debug|Any CPU
		{0BFEB91C-0400-47DD-8721-C8A124C13035}.Debug|Any CPU.Build.0 = Debug|Any CPU
		{0BFEB91C-0400-47DD-8721-C8A124C13035}.Release|Any CPU.ActiveCfg = Release|Any CPU
		{0BFEB91C-0400-47DD-8721-C8A124C13035}.Release|Any CPU.Build.0 = Release|Any CPU
	EndGlobalSection
	GlobalSection(SolutionProperties) = preSolution
		HideSolutionNode = FALSE
	EndGlobalSection
	GlobalSection(ExtensibilityGlobals) = postSolution
		SolutionGuid = {B1A1CF92-5F97-4E16-A18D-75E2DEA7BDA2}
	EndGlobalSection
EndGlobal
